
Microsoft Visual Studio Solution File, Format Version 12.00
# Visual Studio Version 17
VisualStudioVersion = 17.10.35122.118
MinimumVisualStudioVersion = 10.0.40219.1
Project("{9A19103F-16F7-4668-BE54-9A1E7A4F7556}") = "LibraryModels", "LibraryModels\LibraryModels.csproj", "{AE4CC9B2-2698-465F-9E3E-6E09C9006EB6}"
EndProject
Project("{9A19103F-16F7-4668-BE54-9A1E7A4F7556}") = "Testing", "Testing\Testing.csproj", "{067DDA4A-8784-41DF-A3F2-E475D4D056B5}"
EndProject
Project("{9A19103F-16F7-4668-BE54-9A1E7A4F7556}") = "SchoolLibraryWS", "SchoolLibraryWS\SchoolLibraryWS.csproj", "{ABB9D3D8-A29E-47DA-85C6-423B1D60E85B}"
EndProject
Project("{9A19103F-16F7-4668-BE54-9A1E7A4F7556}") = "LibraryWSClient", "LibraryWSClient\LibraryWSClient.csproj", "{D1EEC4DE-2FB7-4763-8247-148008BE130A}"
EndProject
Project("{9A19103F-16F7-4668-BE54-9A1E7A4F7556}") = "LibraryWebApp", "LibraryWebApp\LibraryWebApp.csproj", "{A7884549-74BF-439B-A66E-ECD40605D5DD}"
EndProject
Project("{FAE04EC0-301F-11D3-BF4B-00C04F79EFBC}") = "AdminApp", "AdminApp\AdminApp.csproj", "{FA87B799-5615-44C6-ADC6-7312E6AD03D1}"
EndProject
Global
	GlobalSection(SolutionConfigurationPlatforms) = preSolution
		Debug|Any CPU = Debug|Any CPU
		Release|Any CPU = Release|Any CPU
	EndGlobalSection
	GlobalSection(ProjectConfigurationPlatforms) = postSolution
		{AE4CC9B2-2698-465F-9E3E-6E09C9006EB6}.Debug|Any CPU.ActiveCfg = Debug|Any CPU
		{AE4CC9B2-2698-465F-9E3E-6E09C9006EB6}.Debug|Any CPU.Build.0 = Debug|Any CPU
		{AE4CC9B2-2698-465F-9E3E-6E09C9006EB6}.Release|Any CPU.ActiveCfg = Release|Any CPU
		{AE4CC9B2-2698-465F-9E3E-6E09C9006EB6}.Release|Any CPU.Build.0 = Release|Any CPU
		{067DDA4A-8784-41DF-A3F2-E475D4D056B5}.Debug|Any CPU.ActiveCfg = Debug|Any CPU
		{067DDA4A-8784-41DF-A3F2-E475D4D056B5}.Debug|Any CPU.Build.0 = Debug|Any CPU
		{067DDA4A-8784-41DF-A3F2-E475D4D056B5}.Release|Any CPU.ActiveCfg = Release|Any CPU
		{067DDA4A-8784-41DF-A3F2-E475D4D056B5}.Release|Any CPU.Build.0 = Release|Any CPU
		{ABB9D3D8-A29E-47DA-85C6-423B1D60E85B}.Debug|Any CPU.ActiveCfg = Debug|Any CPU
		{ABB9D3D8-A29E-47DA-85C6-423B1D60E85B}.Debug|Any CPU.Build.0 = Debug|Any CPU
		{ABB9D3D8-A29E-47DA-85C6-423B1D60E85B}.Release|Any CPU.ActiveCfg = Release|Any CPU
		{ABB9D3D8-A29E-47DA-85C6-423B1D60E85B}.Release|Any CPU.Build.0 = Release|Any CPU
		{D1EEC4DE-2FB7-4763-8247-148008BE130A}.Debug|Any CPU.ActiveCfg = Debug|Any CPU
		{D1EEC4DE-2FB7-4763-8247-148008BE130A}.Debug|Any CPU.Build.0 = Debug|Any CPU
		{D1EEC4DE-2FB7-4763-8247-148008BE130A}.Release|Any CPU.ActiveCfg = Release|Any CPU
		{D1EEC4DE-2FB7-4763-8247-148008BE130A}.Release|Any CPU.Build.0 = Release|Any CPU
		{A7884549-74BF-439B-A66E-ECD40605D5DD}.Debug|Any CPU.ActiveCfg = Debug|Any CPU
		{A7884549-74BF-439B-A66E-ECD40605D5DD}.Debug|Any CPU.Build.0 = Debug|Any CPU
		{A7884549-74BF-439B-A66E-ECD40605D5DD}.Release|Any CPU.ActiveCfg = Release|Any CPU
		{A7884549-74BF-439B-A66E-ECD40605D5DD}.Release|Any CPU.Build.0 = Release|Any CPU
		{FA87B799-5615-44C6-ADC6-7312E6AD03D1}.Debug|Any CPU.ActiveCfg = Debug|Any CPU
		{FA87B799-5615-44C6-ADC6-7312E6AD03D1}.Debug|Any CPU.Build.0 = Debug|Any CPU
		{FA87B799-5615-44C6-ADC6-7312E6AD03D1}.Release|Any CPU.ActiveCfg = Release|Any CPU
		{FA87B799-5615-44C6-ADC6-7312E6AD03D1}.Release|Any CPU.Build.0 = Release|Any CPU
	EndGlobalSection
	GlobalSection(SolutionProperties) = preSolution
		HideSolutionNode = FALSE
	EndGlobalSection
	GlobalSection(ExtensibilityGlobals) = postSolution
		SolutionGuid = {597A4A1A-D27C-4D59-9851-19181A75D1F0}
	EndGlobalSection
EndGlobal
